
Microsoft Visual Studio Solution File, Format Version 12.00
# Visual Studio 2013
VisualStudioVersion = 12.0.21005.1
MinimumVisualStudioVersion = 10.0.40219.1
Project("{8BC9CEB8-8B4A-11D0-8D11-00A0C91BC942}") = "DLT with LM", "DLT with LM\DLT with LM.vcxproj", "{75FD074C-528D-4C2A-9D7C-896F4032C7A1}"
EndProject
Project("{8BC9CEB8-8B4A-11D0-8D11-00A0C91BC942}") = "Eight-Point with RANSAC", "Eight-Point with RANSAC\Eight-Point with RANSAC.vcxproj", "{642582D9-CEAD-4E67-8E40-9CC23E673926}"
EndProject
Project("{8BC9CEB8-8B4A-11D0-8D11-00A0C91BC942}") = "Five-Point with RANSAC", "Five-Point with RANSAC\Five-Point with RANSAC.vcxproj", "{36A6EFD6-68F0-4A62-A677-068CDCFF0AC3}"
EndProject
Project("{8BC9CEB8-8B4A-11D0-8D11-00A0C91BC942}") = "Multi-View Construction", "Multi-View Construction\Multi-View Construction.vcxproj", "{F68A5B7C-FB0B-458B-A25C-F46D9BFB98D6}"
EndProject
Global
	GlobalSection(SolutionConfigurationPlatforms) = preSolution
		Debug|Mixed Platforms = Debug|Mixed Platforms
		Debug|Win32 = Debug|Win32
		Debug|x64 = Debug|x64
		Release|Mixed Platforms = Release|Mixed Platforms
		Release|Win32 = Release|Win32
		Release|x64 = Release|x64
	EndGlobalSection
	GlobalSection(ProjectConfigurationPlatforms) = postSolution
		{75FD074C-528D-4C2A-9D7C-896F4032C7A1}.Debug|Mixed Platforms.ActiveCfg = Debug|x64
		{75FD074C-528D-4C2A-9D7C-896F4032C7A1}.Debug|Mixed Platforms.Build.0 = Debug|x64
		{75FD074C-528D-4C2A-9D7C-896F4032C7A1}.Debug|Win32.ActiveCfg = Debug|x64
		{75FD074C-528D-4C2A-9D7C-896F4032C7A1}.Debug|x64.ActiveCfg = Debug|x64
		{75FD074C-528D-4C2A-9D7C-896F4032C7A1}.Debug|x64.Build.0 = Debug|x64
		{75FD074C-528D-4C2A-9D7C-896F4032C7A1}.Release|Mixed Platforms.ActiveCfg = Release|x64
		{75FD074C-528D-4C2A-9D7C-896F4032C7A1}.Release|Mixed Platforms.Build.0 = Release|x64
		{75FD074C-528D-4C2A-9D7C-896F4032C7A1}.Release|Win32.ActiveCfg = Release|x64
		{75FD074C-528D-4C2A-9D7C-896F4032C7A1}.Release|x64.ActiveCfg = Release|x64
		{75FD074C-528D-4C2A-9D7C-896F4032C7A1}.Release|x64.Build.0 = Release|x64
		{642582D9-CEAD-4E67-8E40-9CC23E673926}.Debug|Mixed Platforms.ActiveCfg = Debug|x64
		{642582D9-CEAD-4E67-8E40-9CC23E673926}.Debug|Mixed Platforms.Build.0 = Debug|x64
		{642582D9-CEAD-4E67-8E40-9CC23E673926}.Debug|Win32.ActiveCfg = Debug|Win32
		{642582D9-CEAD-4E67-8E40-9CC23E673926}.Debug|Win32.Build.0 = Debug|Win32
		{642582D9-CEAD-4E67-8E40-9CC23E673926}.Debug|x64.ActiveCfg = Debug|x64
		{642582D9-CEAD-4E67-8E40-9CC23E673926}.Debug|x64.Build.0 = Debug|x64
		{642582D9-CEAD-4E67-8E40-9CC23E673926}.Release|Mixed Platforms.ActiveCfg = Release|Win32
		{642582D9-CEAD-4E67-8E40-9CC23E673926}.Release|Mixed Platforms.Build.0 = Release|Win32
		{642582D9-CEAD-4E67-8E40-9CC23E673926}.Release|Win32.ActiveCfg = Release|Win32
		{642582D9-CEAD-4E67-8E40-9CC23E673926}.Release|Win32.Build.0 = Release|Win32
		{642582D9-CEAD-4E67-8E40-9CC23E673926}.Release|x64.ActiveCfg = Release|Win32
		{36A6EFD6-68F0-4A62-A677-068CDCFF0AC3}.Debug|Mixed Platforms.ActiveCfg = Debug|x64
		{36A6EFD6-68F0-4A62-A677-068CDCFF0AC3}.Debug|Mixed Platforms.Build.0 = Debug|x64
		{36A6EFD6-68F0-4A62-A677-068CDCFF0AC3}.Debug|Win32.ActiveCfg = Debug|Win32
		{36A6EFD6-68F0-4A62-A677-068CDCFF0AC3}.Debug|Win32.Build.0 = Debug|Win32
		{36A6EFD6-68F0-4A62-A677-068CDCFF0AC3}.Debug|x64.ActiveCfg = Debug|x64
		{36A6EFD6-68F0-4A62-A677-068CDCFF0AC3}.Debug|x64.Build.0 = Debug|x64
		{36A6EFD6-68F0-4A62-A677-068CDCFF0AC3}.Release|Mixed Platforms.ActiveCfg = Release|Win32
		{36A6EFD6-68F0-4A62-A677-068CDCFF0AC3}.Release|Mixed Platforms.Build.0 = Release|Win32
		{36A6EFD6-68F0-4A62-A677-068CDCFF0AC3}.Release|Win32.ActiveCfg = Release|Win32
		{36A6EFD6-68F0-4A62-A677-068CDCFF0AC3}.Release|Win32.Build.0 = Release|Win32
		{36A6EFD6-68F0-4A62-A677-068CDCFF0AC3}.Release|x64.ActiveCfg = Release|Win32
		{F68A5B7C-FB0B-458B-A25C-F46D9BFB98D6}.Debug|Mixed Platforms.ActiveCfg = Debug|Win32
		{F68A5B7C-FB0B-458B-A25C-F46D9BFB98D6}.Debug|Mixed Platforms.Build.0 = Debug|Win32
		{F68A5B7C-FB0B-458B-A25C-F46D9BFB98D6}.Debug|Win32.ActiveCfg = Debug|Win32
		{F68A5B7C-FB0B-458B-A25C-F46D9BFB98D6}.Debug|Win32.Build.0 = Debug|Win32
		{F68A5B7C-FB0B-458B-A25C-F46D9BFB98D6}.Debug|x64.ActiveCfg = Debug|x64
		{F68A5B7C-FB0B-458B-A25C-F46D9BFB98D6}.Debug|x64.Build.0 = Debug|x64
		{F68A5B7C-FB0B-458B-A25C-F46D9BFB98D6}.Release|Mixed Platforms.ActiveCfg = Release|Win32
		{F68A5B7C-FB0B-458B-A25C-F46D9BFB98D6}.Release|Mixed Platforms.Build.0 = Release|Win32
		{F68A5B7C-FB0B-458B-A25C-F46D9BFB98D6}.Release|Win32.ActiveCfg = Release|Win32
		{F68A5B7C-FB0B-458B-A25C-F46D9BFB98D6}.Release|Win32.Build.0 = Release|Win32
		{F68A5B7C-FB0B-458B-A25C-F46D9BFB98D6}.Release|x64.ActiveCfg = Release|Win32
	EndGlobalSection
	GlobalSection(SolutionProperties) = preSolution
		HideSolutionNode = FALSE
	EndGlobalSection
EndGlobal
